// !$*UTF8*$!
{
	archiveVersion = 1;
	classes = {
	};
	objectVersion = 48;
	objects = {

/* Begin PBXBuildFile section */
		C8E603251FB2BFDE0090CA63 /* AppDelegate.swift in Sources */ = {isa = PBXBuildFile; fileRef = C8E603241FB2BFDE0090CA63 /* AppDelegate.swift */; };
		C8E603271FB2BFDE0090CA63 /* CalculatorController.swift in Sources */ = {isa = PBXBuildFile; fileRef = C8E603261FB2BFDE0090CA63 /* CalculatorController.swift */; };
		C8E6032A1FB2BFDE0090CA63 /* Main.storyboard in Resources */ = {isa = PBXBuildFile; fileRef = C8E603281FB2BFDE0090CA63 /* Main.storyboard */; };
		C8E6032C1FB2BFDE0090CA63 /* Assets.xcassets in Resources */ = {isa = PBXBuildFile; fileRef = C8E6032B1FB2BFDE0090CA63 /* Assets.xcassets */; };
		C8E6032F1FB2BFDE0090CA63 /* LaunchScreen.storyboard in Resources */ = {isa = PBXBuildFile; fileRef = C8E6032D1FB2BFDE0090CA63 /* LaunchScreen.storyboard */; };
/* End PBXBuildFile section */

/* Begin PBXFileReference section */
		C8E603211FB2BFDE0090CA63 /* HomeworkCalculator.app */ = {isa = PBXFileReference; explicitFileType = wrapper.application; includeInIndex = 0; path = HomeworkCalculator.app; sourceTree = BUILT_PRODUCTS_DIR; };
		C8E603241FB2BFDE0090CA63 /* AppDelegate.swift */ = {isa = PBXFileReference; lastKnownFileType = sourcecode.swift; path = AppDelegate.swift; sourceTree = "<group>"; };
		C8E603261FB2BFDE0090CA63 /* CalculatorController.swift */ = {isa = PBXFileReference; lastKnownFileType = sourcecode.swift; path = CalculatorController.swift; sourceTree = "<group>"; };
		C8E603291FB2BFDE0090CA63 /* Base */ = {isa = PBXFileReference; lastKnownFileType = file.storyboard; name = Base; path = Base.lproj/Main.storyboard; sourceTree = "<group>"; };
		C8E6032B1FB2BFDE0090CA63 /* Assets.xcassets */ = {isa = PBXFileReference; lastKnownFileType = folder.assetcatalog; path = Assets.xcassets; sourceTree = "<group>"; };
		C8E6032E1FB2BFDE0090CA63 /* Base */ = {isa = PBXFileReference; lastKnownFileType = file.storyboard; name = Base; path = Base.lproj/LaunchScreen.storyboard; sourceTree = "<group>"; };
		C8E603301FB2BFDE0090CA63 /* Info.plist */ = {isa = PBXFileReference; lastKnownFileType = text.plist.xml; path = Info.plist; sourceTree = "<group>"; };
/* End PBXFileReference section */

/* Begin PBXFrameworksBuildPhase section */
		C8E6031E1FB2BFDE0090CA63 /* Frameworks */ = {
			isa = PBXFrameworksBuildPhase;
			buildActionMask = 2147483647;
			files = (
			);
			runOnlyForDeploymentPostprocessing = 0;
		};
/* End PBXFrameworksBuildPhase section */

/* Begin PBXGroup section */
		C8E603181FB2BFDE0090CA63 = {
			isa = PBXGroup;
			children = (
				C8E603231FB2BFDE0090CA63 /* HomeworkCalculator */,
				C8E603221FB2BFDE0090CA63 /* Products */,
			);
			sourceTree = "<group>";
		};
		C8E603221FB2BFDE0090CA63 /* Products */ = {
			isa = PBXGroup;
			children = (
				C8E603211FB2BFDE0090CA63 /* HomeworkCalculator.app */,
			);
			name = Products;
			sourceTree = "<group>";
		};
		C8E603231FB2BFDE0090CA63 /* HomeworkCalculator */ = {
			isa = PBXGroup;
			children = (
				C8E603241FB2BFDE0090CA63 /* AppDelegate.swift */,
				C8E603261FB2BFDE0090CA63 /* CalculatorController.swift */,
				C8E603281FB2BFDE0090CA63 /* Main.storyboard */,
				C8E6032B1FB2BFDE0090CA63 /* Assets.xcassets */,
				C8E6032D1FB2BFDE0090CA63 /* LaunchScreen.storyboard */,
				C8E603301FB2BFDE0090CA63 /* Info.plist */,
			);
			path = HomeworkCalculator;
			sourceTree = "<group>";
		};
/* End PBXGroup section */

/* Begin PBXNativeTarget section */
		C8E603201FB2BFDE0090CA63 /* HomeworkCalculator */ = {
			isa = PBXNativeTarget;
			buildConfigurationList = C8E603331FB2BFDE0090CA63 /* Build configuration list for PBXNativeTarget "HomeworkCalculator" */;
			buildPhases = (
				C8E6031D1FB2BFDE0090CA63 /* Sources */,
				C8E6031E1FB2BFDE0090CA63 /* Frameworks */,
				C8E6031F1FB2BFDE0090CA63 /* Resources */,
			);
			buildRules = (
			);
			dependencies = (
			);
			name = HomeworkCalculator;
			productName = HomeworkCalculator;
			productReference = C8E603211FB2BFDE0090CA63 /* HomeworkCalculator.app */;
			productType = "com.apple.product-type.application";
		};
/* End PBXNativeTarget section */

/* Begin PBXProject section */
		C8E603191FB2BFDE0090CA63 /* Project object */ = {
			isa = PBXProject;
			attributes = {
				LastSwiftUpdateCheck = 0910;
				LastUpgradeCheck = 0910;
				ORGANIZATIONNAME = wilson;
				TargetAttributes = {
					C8E603201FB2BFDE0090CA63 = {
						CreatedOnToolsVersion = 9.1;
						ProvisioningStyle = Automatic;
					};
				};
			};
			buildConfigurationList = C8E6031C1FB2BFDE0090CA63 /* Build configuration list for PBXProject "HomeworkCalculator" */;
			compatibilityVersion = "Xcode 8.0";
			developmentRegion = en;
			hasScannedForEncodings = 0;
			knownRegions = (
				en,
				Base,
			);
			mainGroup = C8E603181FB2BFDE0090CA63;
			productRefGroup = C8E603221FB2BFDE0090CA63 /* Products */;
			projectDirPath = "";
			projectRoot = "";
			targets = (
				C8E603201FB2BFDE0090CA63 /* HomeworkCalculator */,
			);
		};
/* End PBXProject section */

/* Begin PBXResourcesBuildPhase section */
		C8E6031F1FB2BFDE0090CA63 /* Resources */ = {
			isa = PBXResourcesBuildPhase;
			buildActionMask = 2147483647;
			files = (
				C8E6032F1FB2BFDE0090CA63 /* LaunchScreen.storyboard in Resources */,
				C8E6032C1FB2BFDE0090CA63 /* Assets.xcassets in Resources */,
				C8E6032A1FB2BFDE0090CA63 /* Main.storyboard in Resources */,
			);
			runOnlyForDeploymentPostprocessing = 0;
		};
/* End PBXResourcesBuildPhase section */

/* Begin PBXSourcesBuildPhase section */
		C8E6031D1FB2BFDE0090CA63 /* Sources */ = {
			isa = PBXSourcesBuildPhase;
			buildActionMask = 2147483647;
			files = (
				C8E603271FB2BFDE0090CA63 /* CalculatorController.swift in Sources */,
				C8E603251FB2BFDE0090CA63 /* AppDelegate.swift in Sources */,
			);
			runOnlyForDeploymentPostprocessing = 0;
		};
/* End PBXSourcesBuildPhase section */

/* Begin PBXVariantGroup section */
		C8E603281FB2BFDE0090CA63 /* Main.storyboard */ = {
			isa = PBXVariantGroup;
			children = (
				C8E603291FB2BFDE0090CA63 /* Base */,
			);
			name = Main.storyboard;
			sourceTree = "<group>";
		};
		C8E6032D1FB2BFDE0090CA63 /* LaunchScreen.storyboard */ = {
			isa = PBXVariantGroup;
			children = (
				C8E6032E1FB2BFDE0090CA63 /* Base */,
			);
			name = LaunchScreen.storyboard;
			sourceTree = "<group>";
		};
/* End PBXVariantGroup section */

/* Begin XCBuildConfiguration section */
		C8E603311FB2BFDE0090CA63 /* Debug */ = {
			isa = XCBuildConfiguration;
			buildSettings = {
				ALWAYS_SEARCH_USER_PATHS = NO;
				CLANG_ANALYZER_NONNULL = YES;
				CLANG_ANALYZER_NUMBER_OBJECT_CONVERSION = YES_AGGRESSIVE;
				CLANG_CXX_LANGUAGE_STANDARD = "gnu++14";
				CLANG_CXX_LIBRARY = "libc++";
				CLANG_ENABLE_MODULES = YES;
				CLANG_ENABLE_OBJC_ARC = YES;
				CLANG_WARN_BLOCK_CAPTURE_AUTORELEASING = YES;
				CLANG_WARN_BOOL_CONVERSION = YES;
				CLANG_WARN_COMMA = YES;
				CLANG_WARN_CONSTANT_CONVERSION = YES;
				CLANG_WARN_DIRECT_OBJC_ISA_USAGE = YES_ERROR;
				CLANG_WARN_DOCUMENTATION_COMMENTS = YES;
				CLANG_WARN_EMPTY_BODY = YES;
				CLANG_WARN_ENUM_CONVERSION = YES;
				CLANG_WARN_INFINITE_RECURSION = YES;
				CLANG_WARN_INT_CONVERSION = YES;
				CLANG_WARN_NON_LITERAL_NULL_CONVERSION = YES;
				CLANG_WARN_OBJC_LITERAL_CONVERSION = YES;
				CLANG_WARN_OBJC_ROOT_CLASS = YES_ERROR;
				CLANG_WARN_RANGE_LOOP_ANALYSIS = YES;
				CLANG_WARN_STRICT_PROTOTYPES = YES;
				CLANG_WARN_SUSPICIOUS_MOVE = YES;
				CLANG_WARN_UNGUARDED_AVAILABILITY = YES_AGGRESSIVE;
				CLANG_WARN_UNREACHABLE_CODE = YES;
				CLANG_WARN__DUPLICATE_METHOD_MATCH = YES;
				CODE_SIGN_IDENTITY = "iPhone Developer";
				COPY_PHASE_STRIP = NO;
				DEBUG_INFORMATION_FORMAT = dwarf;
				ENABLE_STRICT_OBJC_MSGSEND = YES;
				ENABLE_TESTABILITY = YES;
				GCC_C_LANGUAGE_STANDARD = gnu11;
				GCC_DYNAMIC_NO_PIC = NO;
				GCC_NO_COMMON_BLOCKS = YES;
				GCC_OPTIMIZATION_LEVEL = 0;
				GCC_PREPROCESSOR_DEFINITIONS = (
					"DEBUG=1",
					"$(inherited)",
				);
				GCC_WARN_64_TO_32_BIT_CONVERSION = YES;
				GCC_WARN_ABOUT_RETURN_TYPE = YES_ERROR;
				GCC_WARN_UNDECLARED_SELECTOR = YES;
				GCC_WARN_UNINITIALIZED_AUTOS = YES_AGGRESSIVE;
				GCC_WARN_UNUSED_FUNCTION = YES;
				GCC_WARN_UNUSED_VARIABLE = YES;
				IPHONEOS_DEPLOYMENT_TARGET = 11.1;
				MTL_ENABLE_DEBUG_INFO = YES;
				ONLY_ACTIVE_ARCH = YES;
				SDKROOT = iphoneos;
				SWIFT_ACTIVE_COMPILATION_CONDITIONS = DEBUG;
				SWIFT_OPTIMIZATION_LEVEL = "-Onone";
			};
			name = Debug;
		};
		C8E603321FB2BFDE0090CA63 /* Release */ = {
			isa = XCBuildConfiguration;
			buildSettings = {
				ALWAYS_SEARCH_USER_PATHS = NO;
				CLANG_ANALYZER_NONNULL = YES;
				CLANG_ANALYZER_NUMBER_OBJECT_CONVERSION = YES_AGGRESSIVE;
				CLANG_CXX_LANGUAGE_STANDARD = "gnu++14";
				CLANG_CXX_LIBRARY = "libc++";
				CLANG_ENABLE_MODULES = YES;
				CLANG_ENABLE_OBJC_ARC = YES;
				CLANG_WARN_BLOCK_CAPTURE_AUTORELEASING = YES;
				CLANG_WARN_BOOL_CONVERSION = YES;
				CLANG_WARN_COMMA = YES;
				CLANG_WARN_CONSTANT_CONVERSION = YES;
				CLANG_WARN_DIRECT_OBJC_ISA_USAGE = YES_ERROR;
				CLANG_WARN_DOCUMENTATION_COMMENTS = YES;
				CLANG_WARN_EMPTY_BODY = YES;
				CLANG_WARN_ENUM_CONVERSION = YES;
				CLANG_WARN_INFINITE_RECURSION = YES;
				CLANG_WARN_INT_CONVERSION = YES;
				CLANG_WARN_NON_LITERAL_NULL_CONVERSION = YES;
				CLANG_WARN_OBJC_LITERAL_CONVERSION = YES;
				CLANG_WARN_OBJC_ROOT_CLASS = YES_ERROR;
				CLANG_WARN_RANGE_LOOP_ANALYSIS = YES;
				CLANG_WARN_STRICT_PROTOTYPES = YES;
				CLANG_WARN_SUSPICIOUS_MOVE = YES;
				CLANG_WARN_UNGUARDED_AVAILABILITY = YES_AGGRESSIVE;
				CLANG_WARN_UNREACHABLE_CODE = YES;
				CLANG_WARN__DUPLICATE_METHOD_MATCH = YES;
				CODE_SIGN_IDENTITY = "iPhone Developer";
				COPY_PHASE_STRIP = NO;
				DEBUG_INFORMATION_FORMAT = "dwarf-with-dsym";
				ENABLE_NS_ASSERTIONS = NO;
				ENABLE_STRICT_OBJC_MSGSEND = YES;
				GCC_C_LANGUAGE_STANDARD = gnu11;
				GCC_NO_COMMON_BLOCKS = YES;
				GCC_WARN_64_TO_32_BIT_CONVERSION = YES;
				GCC_WARN_ABOUT_RETURN_TYPE = YES_ERROR;
				GCC_WARN_UNDECLARED_SELECTOR = YES;
				GCC_WARN_UNINITIALIZED_AUTOS = YES_AGGRESSIVE;
				GCC_WARN_UNUSED_FUNCTION = YES;
				GCC_WARN_UNUSED_VARIABLE = YES;
				IPHONEOS_DEPLOYMENT_TARGET = 11.1;
				MTL_ENABLE_DEBUG_INFO = NO;
				SDKROOT = iphoneos;
				SWIFT_OPTIMIZATION_LEVEL = "-Owholemodule";
				VALIDATE_PRODUCT = YES;
			};
			name = Release;
		};
		C8E603341FB2BFDE0090CA63 /* Debug */ = {
			isa = XCBuildConfiguration;
			buildSettings = {
				ASSETCATALOG_COMPILER_APPICON_NAME = AppIcon;
				CODE_SIGN_STYLE = Automatic;
				DEVELOPMENT_TEAM = 3B9J7W4ZVP;
				INFOPLIST_FILE = HomeworkCalculator/Info.plist;
				LD_RUNPATH_SEARCH_PATHS = "$(inherited) @executable_path/Frameworks";
				PRODUCT_BUNDLE_IDENTIFIER = demo.HomeworkCalculator;
				PRODUCT_NAME = "$(TARGET_NAME)";
				SWIFT_VERSION = 4.0;
				TARGETED_DEVICE_FAMILY = "1,2";
			};
			name = Debug;
		};
		C8E603351FB2BFDE0090CA63 /* Release */ = {
			isa = XCBuildConfiguration;
			buildSettings = {
				ASSETCATALOG_COMPILER_APPICON_NAME = AppIcon;
				CODE_SIGN_STYLE = Automatic;
				DEVELOPMENT_TEAM = 3B9J7W4ZVP;
				INFOPLIST_FILE = HomeworkCalculator/Info.plist;
				LD_RUNPATH_SEARCH_PATHS = "$(inherited) @executable_path/Frameworks";
				PRODUCT_BUNDLE_IDENTIFIER = demo.HomeworkCalculator;
				PRODUCT_NAME = "$(TARGET_NAME)";
				SWIFT_VERSION = 4.0;
				TARGETED_DEVICE_FAMILY = "1,2";
			};
			name = Release;
		};
/* End XCBuildConfiguration section */

/* Begin XCConfigurationList section */
		C8E6031C1FB2BFDE0090CA63 /* Build configuration list for PBXProject "HomeworkCalculator" */ = {
			isa = XCConfigurationList;
			buildConfigurations = (
				C8E603311FB2BFDE0090CA63 /* Debug */,
				C8E603321FB2BFDE0090CA63 /* Release */,
			);
			defaultConfigurationIsVisible = 0;
			defaultConfigurationName = Release;
		};
		C8E603331FB2BFDE0090CA63 /* Build configuration list for PBXNativeTarget "HomeworkCalculator" */ = {
			isa = XCConfigurationList;
			buildConfigurations = (
				C8E603341FB2BFDE0090CA63 /* Debug */,
				C8E603351FB2BFDE0090CA63 /* Release */,
			);
			defaultConfigurationIsVisible = 0;
			defaultConfigurationName = Release;
		};
/* End XCConfigurationList section */
	};
	rootObject = C8E603191FB2BFDE0090CA63 /* Project object */;
}
